{
  "name": "example-local-module",
  "version": "1.0.0",
  "lockfileVersion": 3,
  "requires": true,
  "packages": {
    "": {
      "name": "example-local-module",
      "version": "1.0.0",
      "license": "ISC",
      "dependencies": {
        "@chipkin/add": "file:../@chipkin/add"
      },
      "devDependencies": {
        "typescript": "^5.5.4"
      }
    },
    "../@chipkin/add": {
      "version": "1.0.0",
      "hasInstallScript": true,
      "license": "ISC",
      "dependencies": {
        "node-addon-api": "^8.1.0"
      },
      "devDependencies": {
        "@types/node": "^22.5.0",
        "typescript": "^5.5.4"
      }
    },
    "../@chipkin/cas-bacnet-stack": {
      "version": "0.0.1",
      "extraneous": true,
      "license": "ISC",
      "dependencies": {
        "dequeue": "^1.0.5",
        "node-addon-api": "^8.1.0",
        "ts-node": "^10.9.2"
      },
      "devDependencies": {
        "@types/node": "^22.3.0",
        "typescript": "^5.5.4"
      }
    },
    "node_modules/@chipkin/add": {
      "resolved": "../@chipkin/add",
      "link": true
    },
    "node_modules/typescript": {
      "version": "5.5.4",
      "resolved": "https://registry.npmjs.org/typescript/-/typescript-5.5.4.tgz",
      "integrity": "sha512-Mtq29sKDAEYP7aljRgtPOpTvOfbwRWlS6dPRzwjdE+C0R4brX/GUyhHSecbHMFLNBLcJIPt9nl9yG5TZ1weH+Q==",
      "dev": true,
      "bin": {
        "tsc": "bin/tsc",
        "tsserver": "bin/tsserver"
      },
      "engines": {
        "node": ">=14.17"
      }
    }
  }
}
